# This file was autogenerated by uv via the following command:
#    uv pip compile pyproject.toml -o requirements.lock
annotated-types==0.7.0
    # via pydantic
anyio==4.12.1
    # via httpx
argon2-cffi==25.1.0
    # via sbboot (pyproject.toml)
argon2-cffi-bindings==25.1.0
    # via argon2-cffi
certifi==2026.1.4
    # via
    #   httpcore
    #   httpx
cffi==2.0.0
    # via
    #   argon2-cffi-bindings
    #   cryptography
click==8.3.1
    # via
    #   sbboot (pyproject.toml)
    #   typer
cryptography==43.0.3
    # via
    #   sbboot (pyproject.toml)
    #   secretstorage
filelock==3.20.2
    # via sbboot (pyproject.toml)
h11==0.16.0
    # via httpcore
httpcore==1.0.9
    # via httpx
httpx==0.28.1
    # via sbboot (pyproject.toml)
idna==3.11
    # via
    #   anyio
    #   httpx
jaraco-classes==3.4.0
    # via keyring
jeepney==0.9.0
    # via
    #   keyring
    #   secretstorage
keyring==24.3.1
    # via sbboot (pyproject.toml)
markdown-it-py==4.0.0
    # via rich
mdurl==0.1.2
    # via markdown-it-py
more-itertools==10.8.0
    # via jaraco-classes
orjson==3.11.5
    # via sbboot (pyproject.toml)
platformdirs==4.5.1
    # via sbboot (pyproject.toml)
pycparser==2.23
    # via cffi
pydantic==2.12.5
    # via sbboot (pyproject.toml)
pydantic-core==2.41.5
    # via pydantic
pygments==2.19.2
    # via rich
python-json-logger==2.0.7
    # via sbboot (pyproject.toml)
pyyaml==6.0.3
    # via sbboot (pyproject.toml)
rich==13.9.4
    # via
    #   sbboot (pyproject.toml)
    #   typer
secretstorage==3.5.0
    # via keyring
shellingham==1.5.4
    # via
    #   sbboot (pyproject.toml)
    #   typer
truststore==0.10.4
    # via sbboot (pyproject.toml)
typer==0.21.1
    # via sbboot (pyproject.toml)
typing-extensions==4.15.0
    # via
    #   anyio
    #   pydantic
    #   pydantic-core
    #   typer
    #   typing-inspection
typing-inspection==0.4.2
    # via pydantic
